{
    "_readme": [
        "This file locks the dependencies of your project to a known state",
        "Read more about it at https://getcomposer.org/doc/01-basic-usage.md#composer-lock-the-lock-file",
        "This file is @generated automatically"
    ],
    "hash": "df0d7339938e53bba36a0bdb870f2571",
    "content-hash": "fb58758deafaa7202214f1fcfd3fb071",
    "packages": [],
    "packages-dev": [
        {
            "name": "magento-ecg/coding-standard",
            "version": "2.0",
            "source": {
                "type": "git",
                "url": "https://github.com/magento-ecg/coding-standard.git",
                "reference": "eea9b1d1a21d844f28eb65b0d66a1a4c320e0d6b"
            },
            "dist": {
                "type": "zip",
                "url": "https://api.github.com/repos/magento-ecg/coding-standard/zipball/eea9b1d1a21d844f28eb65b0d66a1a4c320e0d6b",
                "reference": "eea9b1d1a21d844f28eb65b0d66a1a4c320e0d6b",
                "shasum": ""
            },
            "require": {
                "php": ">=5.4.0"
            },
            "type": "library",
            "notification-url": "https://packagist.org/downloads/",
            "license": [
                "MIT"
            ],
            "authors": [
                {
                    "name": "Magento Expert Consulting Group",
                    "homepage": "http://magentocommerce.com/consulting",
                    "role": "Maintainer"
                }
            ],
            "description": "A set of PHP_CodeSniffer rules and sniffs.",
            "homepage": "https://github.com/magento-ecg/coding-standard",
            "time": "2015-12-18 16:52:59"
        },
        {
            "name": "squizlabs/php_codesniffer",
            "version": "2.3.4",
            "source": {
                "type": "git",
                "url": "https://github.com/squizlabs/PHP_CodeSniffer.git",
                "reference": "11a2545c44a5915f883e2e5ec12e14ed345e3ab2"
            },
            "dist": {
                "type": "zip",
                "url": "https://api.github.com/repos/squizlabs/PHP_CodeSniffer/zipball/11a2545c44a5915f883e2e5ec12e14ed345e3ab2",
                "reference": "11a2545c44a5915f883e2e5ec12e14ed345e3ab2",
                "shasum": ""
            },
            "require": {
                "ext-tokenizer": "*",
                "ext-xmlwriter": "*",
                "php": ">=5.1.2"
            },
            "bin": [
                "scripts/phpcs",
                "scripts/phpcbf"
            ],
            "type": "library",
            "extra": {
                "branch-alias": {
                    "dev-master": "2.0.x-dev"
                }
            },
            "autoload": {
                "classmap": [
                    "CodeSniffer.php",
                    "CodeSniffer/CLI.php",
                    "CodeSniffer/Exception.php",
                    "CodeSniffer/File.php",
                    "CodeSniffer/Fixer.php",
                    "CodeSniffer/Report.php",
                    "CodeSniffer/Reporting.php",
                    "CodeSniffer/Sniff.php",
                    "CodeSniffer/Tokens.php",
                    "CodeSniffer/Reports/",
                    "CodeSniffer/Tokenizers/",
                    "CodeSniffer/DocGenerators/",
                    "CodeSniffer/Standards/AbstractPatternSniff.php",
                    "CodeSniffer/Standards/AbstractScopeSniff.php",
                    "CodeSniffer/Standards/AbstractVariableSniff.php",
                    "CodeSniffer/Standards/IncorrectPatternException.php",
                    "CodeSniffer/Standards/Generic/Sniffs/",
                    "CodeSniffer/Standards/MySource/Sniffs/",
                    "CodeSniffer/Standards/PEAR/Sniffs/",
                    "CodeSniffer/Standards/PSR1/Sniffs/",
                    "CodeSniffer/Standards/PSR2/Sniffs/",
                    "CodeSniffer/Standards/Squiz/Sniffs/",
                    "CodeSniffer/Standards/Zend/Sniffs/"
                ]
            },
            "notification-url": "https://packagist.org/downloads/",
            "license": [
                "BSD-3-Clause"
            ],
            "authors": [
                {
                    "name": "Greg Sherwood",
                    "role": "lead"
                }
            ],
            "description": "PHP_CodeSniffer tokenizes PHP, JavaScript and CSS files and detects violations of a defined set of coding standards.",
            "homepage": "http://www.squizlabs.com/php-codesniffer",
            "keywords": [
                "phpcs",
                "standards"
            ],
            "time": "2015-09-09 00:18:50"
        }
    ],
    "aliases": [],
    "minimum-stability": "stable",
    "stability-flags": [],
    "prefer-stable": false,
    "prefer-lowest": false,
    "platform": [],
    "platform-dev": []
}
